<?xml version="1.0" encoding="utf-8"?>
<Project ToolsVersion="4.0" xmlns="http://schemas.microsoft.com/developer/msbuild/2003">
  <ItemGroup>
    <ClCompile Include="..\HandIn2\co2driver.c">
      <Filter>HandIn2</Filter>
    </ClCompile>
    <ClCompile Include="..\HandIn2\temperatureDriver.c">
      <Filter>HandIn2</Filter>
    </ClCompile>
    <ClCompile Include="tests.cpp" />
  </ItemGroup>
  <ItemGroup>
    <None Include="packages.config" />
  </ItemGroup>
  <ItemGroup>
    <Filter Include="HandIn2">
      <UniqueIdentifier>{7300039f-44e5-4a35-b11b-9120c43bbb8a}</UniqueIdentifier>
    </Filter>
  </ItemGroup>
  <ItemGroup>
    <ClInclude Include="..\HandIn2\co2driver.h">
      <Filter>HandIn2</Filter>
    </ClInclude>
    <ClInclude Include="..\HandIn2\temperatureDriver.h">
      <Filter>HandIn2</Filter>
    </ClInclude>
  </ItemGroup>
</Project>