<?xml version="1.0" encoding="utf-8"?>
<Project ToolsVersion="4.0" xmlns="http://schemas.microsoft.com/developer/msbuild/2003">
  <ItemGroup>
    <ClCompile Include="..\HandIn2\co2driver.c">
      <Filter>co2-driver</Filter>
    </ClCompile>
    <ClCompile Include="test_co2_driver_with_fff.cpp">
      <Filter>co2-driver</Filter>
    </ClCompile>
  </ItemGroup>
  <ItemGroup>
    <Filter Include="co2-driver">
      <UniqueIdentifier>{65157013-f5c1-4ee7-9410-969627f7865d}</UniqueIdentifier>
    </Filter>
  </ItemGroup>
  <ItemGroup>
    <ClInclude Include="..\HandIn2\co2driver.h">
      <Filter>co2-driver</Filter>
    </ClInclude>
    <ClInclude Include="..\..\..\..\..\..\..\..\c_libs\fff-master\fff.h" />
  </ItemGroup>
  <ItemGroup>
    <None Include="packages.config" />
  </ItemGroup>
</Project>